
Microsoft Visual Studio Solution File, Format Version 12.00
# Visual Studio 2012
Project("{FAE04EC0-301F-11D3-BF4B-00C04F79EFBC}") = "DraggableGridView", "DraggableGridView\DraggableGridView.csproj", "{0BA66B8F-4D2B-4C20-9426-641E48B577BD}"
EndProject
Global
	GlobalSection(SolutionConfigurationPlatforms) = preSolution
		Debug|Any CPU = Debug|Any CPU
		Release|Any CPU = Release|Any CPU
	EndGlobalSection
	GlobalSection(ProjectConfigurationPlatforms) = postSolution
		{0BA66B8F-4D2B-4C20-9426-641E48B577BD}.Debug|Any CPU.ActiveCfg = Debug|Any CPU
		{0BA66B8F-4D2B-4C20-9426-641E48B577BD}.Debug|Any CPU.Build.0 = Debug|Any CPU
		{0BA66B8F-4D2B-4C20-9426-641E48B577BD}.Release|Any CPU.ActiveCfg = Release|Any CPU
		{0BA66B8F-4D2B-4C20-9426-641E48B577BD}.Release|Any CPU.Build.0 = Release|Any CPU
	EndGlobalSection
	GlobalSection(SolutionProperties) = preSolution
		HideSolutionNode = FALSE
	EndGlobalSection
EndGlobal
